
Microsoft Visual Studio Solution File, Format Version 12.00
# Visual Studio 15
VisualStudioVersion = 15.0.27130.2027
MinimumVisualStudioVersion = 10.0.40219.1
Project("{FAE04EC0-301F-11D3-BF4B-00C04F79EFBC}") = "SupercedeBehaviorOfInnerLoop", "SupercedeBehaviorOfInnerLoop\SupercedeBehaviorOfInnerLoop.csproj", "{BCBEF854-E006-4B73-A35D-8B74DAD4E246}"
EndProject
Project("{FAE04EC0-301F-11D3-BF4B-00C04F79EFBC}") = "TestSupercedeBehaviorOfInnerLoop", "TestSupercedeBehaviorOfInnerLoop\TestSupercedeBehaviorOfInnerLoop.csproj", "{96B08212-2682-4418-89CD-EC652BC73C9F}"
EndProject
Global
	GlobalSection(SolutionConfigurationPlatforms) = preSolution
		Debug|Any CPU = Debug|Any CPU
		Release|Any CPU = Release|Any CPU
	EndGlobalSection
	GlobalSection(ProjectConfigurationPlatforms) = postSolution
		{BCBEF854-E006-4B73-A35D-8B74DAD4E246}.Debug|Any CPU.ActiveCfg = Debug|Any CPU
		{BCBEF854-E006-4B73-A35D-8B74DAD4E246}.Debug|Any CPU.Build.0 = Debug|Any CPU
		{BCBEF854-E006-4B73-A35D-8B74DAD4E246}.Release|Any CPU.ActiveCfg = Release|Any CPU
		{BCBEF854-E006-4B73-A35D-8B74DAD4E246}.Release|Any CPU.Build.0 = Release|Any CPU
		{96B08212-2682-4418-89CD-EC652BC73C9F}.Debug|Any CPU.ActiveCfg = Debug|Any CPU
		{96B08212-2682-4418-89CD-EC652BC73C9F}.Debug|Any CPU.Build.0 = Debug|Any CPU
		{96B08212-2682-4418-89CD-EC652BC73C9F}.Release|Any CPU.ActiveCfg = Release|Any CPU
		{96B08212-2682-4418-89CD-EC652BC73C9F}.Release|Any CPU.Build.0 = Release|Any CPU
	EndGlobalSection
	GlobalSection(SolutionProperties) = preSolution
		HideSolutionNode = FALSE
	EndGlobalSection
	GlobalSection(ExtensibilityGlobals) = postSolution
		SolutionGuid = {A7FF8852-8565-48DE-9946-9F25C16C5D09}
	EndGlobalSection
EndGlobal
